
Microsoft Visual Studio Solution File, Format Version 12.00
# Visual Studio Version 16
VisualStudioVersion = 16.0.29326.143
MinimumVisualStudioVersion = 10.0.40219.1
Project("{FAE04EC0-301F-11D3-BF4B-00C04F79EFBC}") = "HousingU", "HousingU\HousingU.csproj", "{71F22DD1-D5D6-471E-86A7-5D6E4643ACA5}"
EndProject
Global
	GlobalSection(SolutionConfigurationPlatforms) = preSolution
		Debug|Any CPU = Debug|Any CPU
		Release|Any CPU = Release|Any CPU
	EndGlobalSection
	GlobalSection(ProjectConfigurationPlatforms) = postSolution
		{71F22DD1-D5D6-471E-86A7-5D6E4643ACA5}.Debug|Any CPU.ActiveCfg = Debug|Any CPU
		{71F22DD1-D5D6-471E-86A7-5D6E4643ACA5}.Debug|Any CPU.Build.0 = Debug|Any CPU
		{71F22DD1-D5D6-471E-86A7-5D6E4643ACA5}.Release|Any CPU.ActiveCfg = Release|Any CPU
		{71F22DD1-D5D6-471E-86A7-5D6E4643ACA5}.Release|Any CPU.Build.0 = Release|Any CPU
	EndGlobalSection
	GlobalSection(SolutionProperties) = preSolution
		HideSolutionNode = FALSE
	EndGlobalSection
	GlobalSection(ExtensibilityGlobals) = postSolution
		SolutionGuid = {56359B2F-68A5-436D-8FB8-15E5604BB3D8}
	EndGlobalSection
EndGlobal
